{
  "name": "@ng-plus/signature-pad",
  "version": "0.0.5",
  "lockfileVersion": 1,
  "requires": true,
  "dependencies": {
    "signature_pad": {
      "version": "3.0.0-beta.2",
      "resolved": "https://registry.npmjs.org/signature_pad/-/signature_pad-3.0.0-beta.2.tgz",
      "integrity": "sha512-KmxmVFK2ECJ2mTiu86VVZnvONjISXRRxdOe3qBNHZEAL+NPKNvpsdSOfRCimSUs88udVgIeQlOvibpvsDSewEw=="
    }
  }
}
